
Microsoft Visual Studio Solution File, Format Version 12.00
# Visual Studio Version 16
VisualStudioVersion = 16.0.31624.102
MinimumVisualStudioVersion = 10.0.40219.1
Project("{FAE04EC0-301F-11D3-BF4B-00C04F79EFBC}") = "Entidades", "Kovix_CaracteresConsecutivos\Entidades.csproj", "{9ECE5E7E-C107-4597-A10E-626620D21663}"
EndProject
Project("{FAE04EC0-301F-11D3-BF4B-00C04F79EFBC}") = "Formulario1", "Formulario1\Formulario1.csproj", "{230CE549-CE69-44E9-89E5-3416ACBA2529}"
EndProject
Global
	GlobalSection(SolutionConfigurationPlatforms) = preSolution
		Debug|Any CPU = Debug|Any CPU
		Release|Any CPU = Release|Any CPU
	EndGlobalSection
	GlobalSection(ProjectConfigurationPlatforms) = postSolution
		{9ECE5E7E-C107-4597-A10E-626620D21663}.Debug|Any CPU.ActiveCfg = Debug|Any CPU
		{9ECE5E7E-C107-4597-A10E-626620D21663}.Debug|Any CPU.Build.0 = Debug|Any CPU
		{9ECE5E7E-C107-4597-A10E-626620D21663}.Release|Any CPU.ActiveCfg = Release|Any CPU
		{9ECE5E7E-C107-4597-A10E-626620D21663}.Release|Any CPU.Build.0 = Release|Any CPU
		{230CE549-CE69-44E9-89E5-3416ACBA2529}.Debug|Any CPU.ActiveCfg = Debug|Any CPU
		{230CE549-CE69-44E9-89E5-3416ACBA2529}.Debug|Any CPU.Build.0 = Debug|Any CPU
		{230CE549-CE69-44E9-89E5-3416ACBA2529}.Release|Any CPU.ActiveCfg = Release|Any CPU
		{230CE549-CE69-44E9-89E5-3416ACBA2529}.Release|Any CPU.Build.0 = Release|Any CPU
	EndGlobalSection
	GlobalSection(SolutionProperties) = preSolution
		HideSolutionNode = FALSE
	EndGlobalSection
	GlobalSection(ExtensibilityGlobals) = postSolution
		SolutionGuid = {4469E3EC-1165-4BFD-98CC-C4D2B9B3051C}
	EndGlobalSection
EndGlobal
